
Microsoft Visual Studio Solution File, Format Version 12.00
# Visual Studio 2012
Project("{8BC9CEB8-8B4A-11D0-8D11-00A0C91BC942}") = "TP1", "TP1.vcxproj", "{683B7FBB-0B4D-4569-AAC5-3A6B248D9EA7}"
EndProject
Global
	GlobalSection(SolutionConfigurationPlatforms) = preSolution
		Debug|Win32 = Debug|Win32
		Release|Win32 = Release|Win32
	EndGlobalSection
	GlobalSection(ProjectConfigurationPlatforms) = postSolution
		{683B7FBB-0B4D-4569-AAC5-3A6B248D9EA7}.Debug|Win32.ActiveCfg = Debug|Win32
		{683B7FBB-0B4D-4569-AAC5-3A6B248D9EA7}.Debug|Win32.Build.0 = Debug|Win32
		{683B7FBB-0B4D-4569-AAC5-3A6B248D9EA7}.Release|Win32.ActiveCfg = Release|Win32
		{683B7FBB-0B4D-4569-AAC5-3A6B248D9EA7}.Release|Win32.Build.0 = Release|Win32
	EndGlobalSection
	GlobalSection(SolutionProperties) = preSolution
		HideSolutionNode = FALSE
	EndGlobalSection
EndGlobal
